
Microsoft Visual Studio Solution File, Format Version 12.00
# Visual Studio Version 16
VisualStudioVersion = 16.0.29201.188
MinimumVisualStudioVersion = 10.0.40219.1
Project("{FAE04EC0-301F-11D3-BF4B-00C04F79EFBC}") = "lr7", "lr7.csproj", "{B1E2DCC1-3285-411D-8455-F1CA78323C1B}"
EndProject
Global
	GlobalSection(SolutionConfigurationPlatforms) = preSolution
		Debug|Any CPU = Debug|Any CPU
		Release|Any CPU = Release|Any CPU
	EndGlobalSection
	GlobalSection(ProjectConfigurationPlatforms) = postSolution
		{B1E2DCC1-3285-411D-8455-F1CA78323C1B}.Debug|Any CPU.ActiveCfg = Debug|Any CPU
		{B1E2DCC1-3285-411D-8455-F1CA78323C1B}.Debug|Any CPU.Build.0 = Debug|Any CPU
		{B1E2DCC1-3285-411D-8455-F1CA78323C1B}.Release|Any CPU.ActiveCfg = Release|Any CPU
		{B1E2DCC1-3285-411D-8455-F1CA78323C1B}.Release|Any CPU.Build.0 = Release|Any CPU
	EndGlobalSection
	GlobalSection(SolutionProperties) = preSolution
		HideSolutionNode = FALSE
	EndGlobalSection
	GlobalSection(ExtensibilityGlobals) = postSolution
		SolutionGuid = {67A4CDE2-9735-48A1-8F88-341C978002F3}
	EndGlobalSection
EndGlobal
